
Microsoft Visual Studio Solution File, Format Version 12.00
# Visual Studio Version 16
VisualStudioVersion = 16.0.29926.136
MinimumVisualStudioVersion = 10.0.40219.1
Project("{9A19103F-16F7-4668-BE54-9A1E7A4F7556}") = "Isla Maths Solver", "Isla Maths Solver\Isla Maths Solver.csproj", "{32984312-54CC-4E3E-8545-D39DE246887A}"
EndProject
Project("{FAE04EC0-301F-11D3-BF4B-00C04F79EFBC}") = "Unit Tests", "Unit Tests\Unit Tests.csproj", "{C10E321A-29C4-4CC4-B3EA-A220F79D128C}"
EndProject
Global
	GlobalSection(SolutionConfigurationPlatforms) = preSolution
		Debug|Any CPU = Debug|Any CPU
		Release|Any CPU = Release|Any CPU
	EndGlobalSection
	GlobalSection(ProjectConfigurationPlatforms) = postSolution
		{32984312-54CC-4E3E-8545-D39DE246887A}.Debug|Any CPU.ActiveCfg = Debug|Any CPU
		{32984312-54CC-4E3E-8545-D39DE246887A}.Debug|Any CPU.Build.0 = Debug|Any CPU
		{32984312-54CC-4E3E-8545-D39DE246887A}.Release|Any CPU.ActiveCfg = Release|Any CPU
		{32984312-54CC-4E3E-8545-D39DE246887A}.Release|Any CPU.Build.0 = Release|Any CPU
		{C10E321A-29C4-4CC4-B3EA-A220F79D128C}.Debug|Any CPU.ActiveCfg = Debug|Any CPU
		{C10E321A-29C4-4CC4-B3EA-A220F79D128C}.Debug|Any CPU.Build.0 = Debug|Any CPU
		{C10E321A-29C4-4CC4-B3EA-A220F79D128C}.Release|Any CPU.ActiveCfg = Release|Any CPU
		{C10E321A-29C4-4CC4-B3EA-A220F79D128C}.Release|Any CPU.Build.0 = Release|Any CPU
	EndGlobalSection
	GlobalSection(SolutionProperties) = preSolution
		HideSolutionNode = FALSE
	EndGlobalSection
	GlobalSection(ExtensibilityGlobals) = postSolution
		SolutionGuid = {5BD6C3F9-D5C0-4B25-9A04-787AE0FED5A1}
	EndGlobalSection
EndGlobal
